// !$*UTF8*$!
{
	archiveVersion = 1;
	classes = {
	};
	objectVersion = 56;
	objects = {

/* Begin PBXBuildFile section */
		B09DDC5E2A28EB1D004553D2 /* CreateNoteVC.swift in Sources */ = {isa = PBXBuildFile; fileRef = B09DDC5D2A28EB1D004553D2 /* CreateNoteVC.swift */; };
		B0CB5F0D2A17C22600A14CAF /* AppDelegate.swift in Sources */ = {isa = PBXBuildFile; fileRef = B0CB5F0C2A17C22600A14CAF /* AppDelegate.swift */; };
		B0CB5F0F2A17C22600A14CAF /* SceneDelegate.swift in Sources */ = {isa = PBXBuildFile; fileRef = B0CB5F0E2A17C22600A14CAF /* SceneDelegate.swift */; };
		B0CB5F112A17C22600A14CAF /* ViewController.swift in Sources */ = {isa = PBXBuildFile; fileRef = B0CB5F102A17C22600A14CAF /* ViewController.swift */; };
		B0CB5F192A17C22700A14CAF /* LaunchScreen.storyboard in Resources */ = {isa = PBXBuildFile; fileRef = B0CB5F172A17C22700A14CAF /* LaunchScreen.storyboard */; };
		B0CB5F212A17CA1B00A14CAF /* UIView+Constraints.swift in Sources */ = {isa = PBXBuildFile; fileRef = B0CB5F202A17CA1B00A14CAF /* UIView+Constraints.swift */; };
		B0CB5F232A17DDA600A14CAF /* CGFloat+Dimensions.swift in Sources */ = {isa = PBXBuildFile; fileRef = B0CB5F222A17DDA600A14CAF /* CGFloat+Dimensions.swift */; };
		B0CB5F392A17E2C100A14CAF /* Label.swift in Sources */ = {isa = PBXBuildFile; fileRef = B0CB5F382A17E2C100A14CAF /* Label.swift */; };
		B0CB5F3C2A17E3D400A14CAF /* UITableView.swift in Sources */ = {isa = PBXBuildFile; fileRef = B0CB5F3B2A17E3D400A14CAF /* UITableView.swift */; };
		B0CB5F3F2A17E46100A14CAF /* Colors.xcassets in Resources */ = {isa = PBXBuildFile; fileRef = B0CB5F3E2A17E46100A14CAF /* Colors.xcassets */; };
		B0CB5F412A17E4A800A14CAF /* UIFont+Resize.swift in Sources */ = {isa = PBXBuildFile; fileRef = B0CB5F402A17E4A800A14CAF /* UIFont+Resize.swift */; };
		B0CB5F442A17E51600A14CAF /* StartVC.swift in Sources */ = {isa = PBXBuildFile; fileRef = B0CB5F432A17E51600A14CAF /* StartVC.swift */; };
		B0CB5F482A17E82600A14CAF /* String+Translation.swift in Sources */ = {isa = PBXBuildFile; fileRef = B0CB5F472A17E82600A14CAF /* String+Translation.swift */; };
		B0CB5F4B2A17E9A300A14CAF /* Translations.strings in Resources */ = {isa = PBXBuildFile; fileRef = B0CB5F4D2A17E9A300A14CAF /* Translations.strings */; };
		B0CB5F502A17EBA100A14CAF /* Button.swift in Sources */ = {isa = PBXBuildFile; fileRef = B0CB5F4F2A17EBA100A14CAF /* Button.swift */; };
		B0CB5F522A17F05900A14CAF /* UserDefaults+Storage.swift in Sources */ = {isa = PBXBuildFile; fileRef = B0CB5F512A17F05900A14CAF /* UserDefaults+Storage.swift */; };
		B0CB5F552A17F43300A14CAF /* Note.swift in Sources */ = {isa = PBXBuildFile; fileRef = B0CB5F542A17F43300A14CAF /* Note.swift */; };
		B0E57F582A30D94E00349C34 /* Table.swift in Sources */ = {isa = PBXBuildFile; fileRef = B0E57F572A30D94E00349C34 /* Table.swift */; };
		B0E57F5A2A30D9AF00349C34 /* NoteCell.swift in Sources */ = {isa = PBXBuildFile; fileRef = B0E57F592A30D9AF00349C34 /* NoteCell.swift */; };
		EFB0F2AE2A26033600C6B500 /* TextView.swift in Sources */ = {isa = PBXBuildFile; fileRef = EFB0F2AD2A26033600C6B500 /* TextView.swift */; };
		EFB0F2B02A260DEC00C6B500 /* UIView+Corners.swift in Sources */ = {isa = PBXBuildFile; fileRef = EFB0F2AF2A260DEC00C6B500 /* UIView+Corners.swift */; };
/* End PBXBuildFile section */

/* Begin PBXFileReference section */
		B09DDC5D2A28EB1D004553D2 /* CreateNoteVC.swift */ = {isa = PBXFileReference; lastKnownFileType = sourcecode.swift; path = CreateNoteVC.swift; sourceTree = "<group>"; };
		B0CB5F092A17C22600A14CAF /* aa2_notes.app */ = {isa = PBXFileReference; explicitFileType = wrapper.application; includeInIndex = 0; path = aa2_notes.app; sourceTree = BUILT_PRODUCTS_DIR; };
		B0CB5F0C2A17C22600A14CAF /* AppDelegate.swift */ = {isa = PBXFileReference; lastKnownFileType = sourcecode.swift; path = AppDelegate.swift; sourceTree = "<group>"; };
		B0CB5F0E2A17C22600A14CAF /* SceneDelegate.swift */ = {isa = PBXFileReference; lastKnownFileType = sourcecode.swift; path = SceneDelegate.swift; sourceTree = "<group>"; };
		B0CB5F102A17C22600A14CAF /* ViewController.swift */ = {isa = PBXFileReference; lastKnownFileType = sourcecode.swift; path = ViewController.swift; sourceTree = "<group>"; };
		B0CB5F182A17C22700A14CAF /* Base */ = {isa = PBXFileReference; lastKnownFileType = file.storyboard; name = Base; path = Base.lproj/LaunchScreen.storyboard; sourceTree = "<group>"; };
		B0CB5F1A2A17C22700A14CAF /* Info.plist */ = {isa = PBXFileReference; lastKnownFileType = text.plist.xml; path = Info.plist; sourceTree = "<group>"; };
		B0CB5F202A17CA1B00A14CAF /* UIView+Constraints.swift */ = {isa = PBXFileReference; lastKnownFileType = sourcecode.swift; path = "UIView+Constraints.swift"; sourceTree = "<group>"; };
		B0CB5F222A17DDA600A14CAF /* CGFloat+Dimensions.swift */ = {isa = PBXFileReference; lastKnownFileType = sourcecode.swift; path = "CGFloat+Dimensions.swift"; sourceTree = "<group>"; };
		B0CB5F382A17E2C100A14CAF /* Label.swift */ = {isa = PBXFileReference; lastKnownFileType = sourcecode.swift; path = Label.swift; sourceTree = "<group>"; };
		B0CB5F3B2A17E3D400A14CAF /* UITableView.swift */ = {isa = PBXFileReference; fileEncoding = 4; lastKnownFileType = sourcecode.swift; path = UITableView.swift; sourceTree = "<group>"; };
		B0CB5F3E2A17E46100A14CAF /* Colors.xcassets */ = {isa = PBXFileReference; lastKnownFileType = folder.assetcatalog; path = Colors.xcassets; sourceTree = "<group>"; };
		B0CB5F402A17E4A800A14CAF /* UIFont+Resize.swift */ = {isa = PBXFileReference; lastKnownFileType = sourcecode.swift; path = "UIFont+Resize.swift"; sourceTree = "<group>"; };
		B0CB5F432A17E51600A14CAF /* StartVC.swift */ = {isa = PBXFileReference; fileEncoding = 4; lastKnownFileType = sourcecode.swift; path = StartVC.swift; sourceTree = "<group>"; };
		B0CB5F472A17E82600A14CAF /* String+Translation.swift */ = {isa = PBXFileReference; lastKnownFileType = sourcecode.swift; path = "String+Translation.swift"; sourceTree = "<group>"; };
		B0CB5F4C2A17E9A300A14CAF /* en */ = {isa = PBXFileReference; lastKnownFileType = text.plist.strings; name = en; path = en.lproj/Translations.strings; sourceTree = "<group>"; };
		B0CB5F4E2A17E9E300A14CAF /* es */ = {isa = PBXFileReference; lastKnownFileType = text.plist.strings; name = es; path = es.lproj/Translations.strings; sourceTree = "<group>"; };
		B0CB5F4F2A17EBA100A14CAF /* Button.swift */ = {isa = PBXFileReference; lastKnownFileType = sourcecode.swift; path = Button.swift; sourceTree = "<group>"; };
		B0CB5F512A17F05900A14CAF /* UserDefaults+Storage.swift */ = {isa = PBXFileReference; lastKnownFileType = sourcecode.swift; path = "UserDefaults+Storage.swift"; sourceTree = "<group>"; };
		B0CB5F542A17F43300A14CAF /* Note.swift */ = {isa = PBXFileReference; lastKnownFileType = sourcecode.swift; path = Note.swift; sourceTree = "<group>"; };
		B0E57F572A30D94E00349C34 /* Table.swift */ = {isa = PBXFileReference; lastKnownFileType = sourcecode.swift; path = Table.swift; sourceTree = "<group>"; };
		B0E57F592A30D9AF00349C34 /* NoteCell.swift */ = {isa = PBXFileReference; lastKnownFileType = sourcecode.swift; path = NoteCell.swift; sourceTree = "<group>"; };
		EFB0F2AD2A26033600C6B500 /* TextView.swift */ = {isa = PBXFileReference; lastKnownFileType = sourcecode.swift; path = TextView.swift; sourceTree = "<group>"; };
		EFB0F2AF2A260DEC00C6B500 /* UIView+Corners.swift */ = {isa = PBXFileReference; lastKnownFileType = sourcecode.swift; path = "UIView+Corners.swift"; sourceTree = "<group>"; };
/* End PBXFileReference section */

/* Begin PBXFrameworksBuildPhase section */
		B0CB5F062A17C22600A14CAF /* Frameworks */ = {
			isa = PBXFrameworksBuildPhase;
			buildActionMask = 2147483647;
			files = (
			);
			runOnlyForDeploymentPostprocessing = 0;
		};
/* End PBXFrameworksBuildPhase section */

/* Begin PBXGroup section */
		B0CB5F002A17C22600A14CAF = {
			isa = PBXGroup;
			children = (
				B0CB5F0B2A17C22600A14CAF /* aa2_notes */,
				B0CB5F0A2A17C22600A14CAF /* Products */,
			);
			sourceTree = "<group>";
		};
		B0CB5F0A2A17C22600A14CAF /* Products */ = {
			isa = PBXGroup;
			children = (
				B0CB5F092A17C22600A14CAF /* aa2_notes.app */,
			);
			name = Products;
			sourceTree = "<group>";
		};
		B0CB5F0B2A17C22600A14CAF /* aa2_notes */ = {
			isa = PBXGroup;
			children = (
				B0CB5F532A17F42300A14CAF /* Models */,
				B0CB5F452A17E59500A14CAF /* SetupFiles */,
				B0CB5F422A17E50300A14CAF /* Screens */,
				B0CB5F3D2A17E45200A14CAF /* Resources */,
				B0CB5F3A2A17E3B000A14CAF /* Components */,
				B0CB5F372A17E0EA00A14CAF /* Extensions */,
				B0CB5F102A17C22600A14CAF /* ViewController.swift */,
			);
			path = aa2_notes;
			sourceTree = "<group>";
		};
		B0CB5F372A17E0EA00A14CAF /* Extensions */ = {
			isa = PBXGroup;
			children = (
				B0CB5F202A17CA1B00A14CAF /* UIView+Constraints.swift */,
				B0CB5F222A17DDA600A14CAF /* CGFloat+Dimensions.swift */,
				B0CB5F472A17E82600A14CAF /* String+Translation.swift */,
				B0CB5F512A17F05900A14CAF /* UserDefaults+Storage.swift */,
				B0CB5F402A17E4A800A14CAF /* UIFont+Resize.swift */,
				EFB0F2AF2A260DEC00C6B500 /* UIView+Corners.swift */,
			);
			path = Extensions;
			sourceTree = "<group>";
		};
		B0CB5F3A2A17E3B000A14CAF /* Components */ = {
			isa = PBXGroup;
			children = (
				B0CB5F3B2A17E3D400A14CAF /* UITableView.swift */,
				B0CB5F4F2A17EBA100A14CAF /* Button.swift */,
				B0CB5F382A17E2C100A14CAF /* Label.swift */,
				EFB0F2AD2A26033600C6B500 /* TextView.swift */,
			);
			path = Components;
			sourceTree = "<group>";
		};
		B0CB5F3D2A17E45200A14CAF /* Resources */ = {
			isa = PBXGroup;
			children = (
				B0CB5F3E2A17E46100A14CAF /* Colors.xcassets */,
				B0CB5F4D2A17E9A300A14CAF /* Translations.strings */,
			);
			path = Resources;
			sourceTree = "<group>";
		};
		B0CB5F422A17E50300A14CAF /* Screens */ = {
			isa = PBXGroup;
			children = (
				B0CB5F432A17E51600A14CAF /* StartVC.swift */,
				B09DDC5D2A28EB1D004553D2 /* CreateNoteVC.swift */,
			);
			path = Screens;
			sourceTree = "<group>";
		};
		B0CB5F452A17E59500A14CAF /* SetupFiles */ = {
			isa = PBXGroup;
			children = (
				B0CB5F462A17E5A900A14CAF /* Base */,
				B0CB5F0E2A17C22600A14CAF /* SceneDelegate.swift */,
				B0CB5F0C2A17C22600A14CAF /* AppDelegate.swift */,
				B0CB5F1A2A17C22700A14CAF /* Info.plist */,
			);
			path = SetupFiles;
			sourceTree = "<group>";
		};
		B0CB5F462A17E5A900A14CAF /* Base */ = {
			isa = PBXGroup;
			children = (
				B0CB5F172A17C22700A14CAF /* LaunchScreen.storyboard */,
			);
			path = Base;
			sourceTree = "<group>";
		};
		B0CB5F532A17F42300A14CAF /* Models */ = {
			isa = PBXGroup;
			children = (
				B0CB5F542A17F43300A14CAF /* Note.swift */,
				B0E57F572A30D94E00349C34 /* Table.swift */,
				B0E57F592A30D9AF00349C34 /* NoteCell.swift */,
			);
			path = Models;
			sourceTree = "<group>";
		};
/* End PBXGroup section */

/* Begin PBXNativeTarget section */
		B0CB5F082A17C22600A14CAF /* aa2_notes */ = {
			isa = PBXNativeTarget;
			buildConfigurationList = B0CB5F1D2A17C22700A14CAF /* Build configuration list for PBXNativeTarget "aa2_notes" */;
			buildPhases = (
				B0CB5F052A17C22600A14CAF /* Sources */,
				B0CB5F062A17C22600A14CAF /* Frameworks */,
				B0CB5F072A17C22600A14CAF /* Resources */,
			);
			buildRules = (
			);
			dependencies = (
			);
			name = aa2_notes;
			productName = aa2_notes;
			productReference = B0CB5F092A17C22600A14CAF /* aa2_notes.app */;
			productType = "com.apple.product-type.application";
		};
/* End PBXNativeTarget section */

/* Begin PBXProject section */
		B0CB5F012A17C22600A14CAF /* Project object */ = {
			isa = PBXProject;
			attributes = {
				BuildIndependentTargetsInParallel = 1;
				LastSwiftUpdateCheck = 1410;
				LastUpgradeCheck = 1410;
				TargetAttributes = {
					B0CB5F082A17C22600A14CAF = {
						CreatedOnToolsVersion = 14.1;
					};
				};
			};
			buildConfigurationList = B0CB5F042A17C22600A14CAF /* Build configuration list for PBXProject "aa2_notes" */;
			compatibilityVersion = "Xcode 14.0";
			developmentRegion = en;
			hasScannedForEncodings = 0;
			knownRegions = (
				en,
				Base,
				es,
			);
			mainGroup = B0CB5F002A17C22600A14CAF;
			productRefGroup = B0CB5F0A2A17C22600A14CAF /* Products */;
			projectDirPath = "";
			projectRoot = "";
			targets = (
				B0CB5F082A17C22600A14CAF /* aa2_notes */,
			);
		};
/* End PBXProject section */

/* Begin PBXResourcesBuildPhase section */
		B0CB5F072A17C22600A14CAF /* Resources */ = {
			isa = PBXResourcesBuildPhase;
			buildActionMask = 2147483647;
			files = (
				B0CB5F4B2A17E9A300A14CAF /* Translations.strings in Resources */,
				B0CB5F3F2A17E46100A14CAF /* Colors.xcassets in Resources */,
				B0CB5F192A17C22700A14CAF /* LaunchScreen.storyboard in Resources */,
			);
			runOnlyForDeploymentPostprocessing = 0;
		};
/* End PBXResourcesBuildPhase section */

/* Begin PBXSourcesBuildPhase section */
		B0CB5F052A17C22600A14CAF /* Sources */ = {
			isa = PBXSourcesBuildPhase;
			buildActionMask = 2147483647;
			files = (
				B09DDC5E2A28EB1D004553D2 /* CreateNoteVC.swift in Sources */,
				B0CB5F412A17E4A800A14CAF /* UIFont+Resize.swift in Sources */,
				B0CB5F112A17C22600A14CAF /* ViewController.swift in Sources */,
				B0CB5F482A17E82600A14CAF /* String+Translation.swift in Sources */,
				EFB0F2AE2A26033600C6B500 /* TextView.swift in Sources */,
				B0CB5F0D2A17C22600A14CAF /* AppDelegate.swift in Sources */,
				B0CB5F392A17E2C100A14CAF /* Label.swift in Sources */,
				B0CB5F552A17F43300A14CAF /* Note.swift in Sources */,
				B0CB5F0F2A17C22600A14CAF /* SceneDelegate.swift in Sources */,
				B0CB5F232A17DDA600A14CAF /* CGFloat+Dimensions.swift in Sources */,
				B0CB5F212A17CA1B00A14CAF /* UIView+Constraints.swift in Sources */,
				B0CB5F522A17F05900A14CAF /* UserDefaults+Storage.swift in Sources */,
				B0E57F582A30D94E00349C34 /* Table.swift in Sources */,
				B0CB5F3C2A17E3D400A14CAF /* UITableView.swift in Sources */,
				EFB0F2B02A260DEC00C6B500 /* UIView+Corners.swift in Sources */,
				B0E57F5A2A30D9AF00349C34 /* NoteCell.swift in Sources */,
				B0CB5F442A17E51600A14CAF /* StartVC.swift in Sources */,
				B0CB5F502A17EBA100A14CAF /* Button.swift in Sources */,
			);
			runOnlyForDeploymentPostprocessing = 0;
		};
/* End PBXSourcesBuildPhase section */

/* Begin PBXVariantGroup section */
		B0CB5F172A17C22700A14CAF /* LaunchScreen.storyboard */ = {
			isa = PBXVariantGroup;
			children = (
				B0CB5F182A17C22700A14CAF /* Base */,
			);
			name = LaunchScreen.storyboard;
			sourceTree = "<group>";
		};
		B0CB5F4D2A17E9A300A14CAF /* Translations.strings */ = {
			isa = PBXVariantGroup;
			children = (
				B0CB5F4C2A17E9A300A14CAF /* en */,
				B0CB5F4E2A17E9E300A14CAF /* es */,
			);
			name = Translations.strings;
			sourceTree = "<group>";
		};
/* End PBXVariantGroup section */

/* Begin XCBuildConfiguration section */
		B0CB5F1B2A17C22700A14CAF /* Debug */ = {
			isa = XCBuildConfiguration;
			buildSettings = {
				ALWAYS_SEARCH_USER_PATHS = NO;
				CLANG_ANALYZER_LOCALIZABILITY_NONLOCALIZED = YES;
				CLANG_ANALYZER_NONNULL = YES;
				CLANG_ANALYZER_NUMBER_OBJECT_CONVERSION = YES_AGGRESSIVE;
				CLANG_CXX_LANGUAGE_STANDARD = "gnu++20";
				CLANG_ENABLE_MODULES = YES;
				CLANG_ENABLE_OBJC_ARC = YES;
				CLANG_ENABLE_OBJC_WEAK = YES;
				CLANG_WARN_BLOCK_CAPTURE_AUTORELEASING = YES;
				CLANG_WARN_BOOL_CONVERSION = YES;
				CLANG_WARN_COMMA = YES;
				CLANG_WARN_CONSTANT_CONVERSION = YES;
				CLANG_WARN_DEPRECATED_OBJC_IMPLEMENTATIONS = YES;
				CLANG_WARN_DIRECT_OBJC_ISA_USAGE = YES_ERROR;
				CLANG_WARN_DOCUMENTATION_COMMENTS = YES;
				CLANG_WARN_EMPTY_BODY = YES;
				CLANG_WARN_ENUM_CONVERSION = YES;
				CLANG_WARN_INFINITE_RECURSION = YES;
				CLANG_WARN_INT_CONVERSION = YES;
				CLANG_WARN_NON_LITERAL_NULL_CONVERSION = YES;
				CLANG_WARN_OBJC_IMPLICIT_RETAIN_SELF = YES;
				CLANG_WARN_OBJC_LITERAL_CONVERSION = YES;
				CLANG_WARN_OBJC_ROOT_CLASS = YES_ERROR;
				CLANG_WARN_QUOTED_INCLUDE_IN_FRAMEWORK_HEADER = YES;
				CLANG_WARN_RANGE_LOOP_ANALYSIS = YES;
				CLANG_WARN_STRICT_PROTOTYPES = YES;
				CLANG_WARN_SUSPICIOUS_MOVE = YES;
				CLANG_WARN_UNGUARDED_AVAILABILITY = YES_AGGRESSIVE;
				CLANG_WARN_UNREACHABLE_CODE = YES;
				CLANG_WARN__DUPLICATE_METHOD_MATCH = YES;
				COPY_PHASE_STRIP = NO;
				DEBUG_INFORMATION_FORMAT = dwarf;
				ENABLE_STRICT_OBJC_MSGSEND = YES;
				ENABLE_TESTABILITY = YES;
				GCC_C_LANGUAGE_STANDARD = gnu11;
				GCC_DYNAMIC_NO_PIC = NO;
				GCC_NO_COMMON_BLOCKS = YES;
				GCC_OPTIMIZATION_LEVEL = 0;
				GCC_PREPROCESSOR_DEFINITIONS = (
					"DEBUG=1",
					"$(inherited)",
				);
				GCC_WARN_64_TO_32_BIT_CONVERSION = YES;
				GCC_WARN_ABOUT_RETURN_TYPE = YES_ERROR;
				GCC_WARN_UNDECLARED_SELECTOR = YES;
				GCC_WARN_UNINITIALIZED_AUTOS = YES_AGGRESSIVE;
				GCC_WARN_UNUSED_FUNCTION = YES;
				GCC_WARN_UNUSED_VARIABLE = YES;
				IPHONEOS_DEPLOYMENT_TARGET = 16.1;
				MTL_ENABLE_DEBUG_INFO = INCLUDE_SOURCE;
				MTL_FAST_MATH = YES;
				ONLY_ACTIVE_ARCH = YES;
				SDKROOT = iphoneos;
				SWIFT_ACTIVE_COMPILATION_CONDITIONS = DEBUG;
				SWIFT_OPTIMIZATION_LEVEL = "-Onone";
			};
			name = Debug;
		};
		B0CB5F1C2A17C22700A14CAF /* Release */ = {
			isa = XCBuildConfiguration;
			buildSettings = {
				ALWAYS_SEARCH_USER_PATHS = NO;
				CLANG_ANALYZER_LOCALIZABILITY_NONLOCALIZED = YES;
				CLANG_ANALYZER_NONNULL = YES;
				CLANG_ANALYZER_NUMBER_OBJECT_CONVERSION = YES_AGGRESSIVE;
				CLANG_CXX_LANGUAGE_STANDARD = "gnu++20";
				CLANG_ENABLE_MODULES = YES;
				CLANG_ENABLE_OBJC_ARC = YES;
				CLANG_ENABLE_OBJC_WEAK = YES;
				CLANG_WARN_BLOCK_CAPTURE_AUTORELEASING = YES;
				CLANG_WARN_BOOL_CONVERSION = YES;
				CLANG_WARN_COMMA = YES;
				CLANG_WARN_CONSTANT_CONVERSION = YES;
				CLANG_WARN_DEPRECATED_OBJC_IMPLEMENTATIONS = YES;
				CLANG_WARN_DIRECT_OBJC_ISA_USAGE = YES_ERROR;
				CLANG_WARN_DOCUMENTATION_COMMENTS = YES;
				CLANG_WARN_EMPTY_BODY = YES;
				CLANG_WARN_ENUM_CONVERSION = YES;
				CLANG_WARN_INFINITE_RECURSION = YES;
				CLANG_WARN_INT_CONVERSION = YES;
				CLANG_WARN_NON_LITERAL_NULL_CONVERSION = YES;
				CLANG_WARN_OBJC_IMPLICIT_RETAIN_SELF = YES;
				CLANG_WARN_OBJC_LITERAL_CONVERSION = YES;
				CLANG_WARN_OBJC_ROOT_CLASS = YES_ERROR;
				CLANG_WARN_QUOTED_INCLUDE_IN_FRAMEWORK_HEADER = YES;
				CLANG_WARN_RANGE_LOOP_ANALYSIS = YES;
				CLANG_WARN_STRICT_PROTOTYPES = YES;
				CLANG_WARN_SUSPICIOUS_MOVE = YES;
				CLANG_WARN_UNGUARDED_AVAILABILITY = YES_AGGRESSIVE;
				CLANG_WARN_UNREACHABLE_CODE = YES;
				CLANG_WARN__DUPLICATE_METHOD_MATCH = YES;
				COPY_PHASE_STRIP = NO;
				DEBUG_INFORMATION_FORMAT = "dwarf-with-dsym";
				ENABLE_NS_ASSERTIONS = NO;
				ENABLE_STRICT_OBJC_MSGSEND = YES;
				GCC_C_LANGUAGE_STANDARD = gnu11;
				GCC_NO_COMMON_BLOCKS = YES;
				GCC_WARN_64_TO_32_BIT_CONVERSION = YES;
				GCC_WARN_ABOUT_RETURN_TYPE = YES_ERROR;
				GCC_WARN_UNDECLARED_SELECTOR = YES;
				GCC_WARN_UNINITIALIZED_AUTOS = YES_AGGRESSIVE;
				GCC_WARN_UNUSED_FUNCTION = YES;
				GCC_WARN_UNUSED_VARIABLE = YES;
				IPHONEOS_DEPLOYMENT_TARGET = 16.1;
				MTL_ENABLE_DEBUG_INFO = NO;
				MTL_FAST_MATH = YES;
				SDKROOT = iphoneos;
				SWIFT_COMPILATION_MODE = wholemodule;
				SWIFT_OPTIMIZATION_LEVEL = "-O";
				VALIDATE_PRODUCT = YES;
			};
			name = Release;
		};
		B0CB5F1E2A17C22700A14CAF /* Debug */ = {
			isa = XCBuildConfiguration;
			buildSettings = {
				ASSETCATALOG_COMPILER_APPICON_NAME = AppIcon;
				ASSETCATALOG_COMPILER_GLOBAL_ACCENT_COLOR_NAME = AccentColor;
				CODE_SIGN_STYLE = Automatic;
				CURRENT_PROJECT_VERSION = 1;
				GENERATE_INFOPLIST_FILE = YES;
				INFOPLIST_FILE = aa2_notes/SetupFiles/Info.plist;
				INFOPLIST_KEY_UIApplicationSupportsIndirectInputEvents = YES;
				INFOPLIST_KEY_UILaunchStoryboardName = LaunchScreen;
				INFOPLIST_KEY_UIMainStoryboardFile = "";
				INFOPLIST_KEY_UISupportedInterfaceOrientations_iPad = "UIInterfaceOrientationPortrait UIInterfaceOrientationPortraitUpsideDown UIInterfaceOrientationLandscapeLeft UIInterfaceOrientationLandscapeRight";
				INFOPLIST_KEY_UISupportedInterfaceOrientations_iPhone = "UIInterfaceOrientationPortrait UIInterfaceOrientationLandscapeLeft UIInterfaceOrientationLandscapeRight";
				LD_RUNPATH_SEARCH_PATHS = (
					"$(inherited)",
					"@executable_path/Frameworks",
				);
				MARKETING_VERSION = 1.0;
				PRODUCT_BUNDLE_IDENTIFIER = "es.enti.elisabethmateu.aa2-notes";
				PRODUCT_NAME = "$(TARGET_NAME)";
				SWIFT_EMIT_LOC_STRINGS = YES;
				SWIFT_VERSION = 5.0;
				TARGETED_DEVICE_FAMILY = "1,2";
			};
			name = Debug;
		};
		B0CB5F1F2A17C22700A14CAF /* Release */ = {
			isa = XCBuildConfiguration;
			buildSettings = {
				ASSETCATALOG_COMPILER_APPICON_NAME = AppIcon;
				ASSETCATALOG_COMPILER_GLOBAL_ACCENT_COLOR_NAME = AccentColor;
				CODE_SIGN_STYLE = Automatic;
				CURRENT_PROJECT_VERSION = 1;
				GENERATE_INFOPLIST_FILE = YES;
				INFOPLIST_FILE = aa2_notes/SetupFiles/Info.plist;
				INFOPLIST_KEY_UIApplicationSupportsIndirectInputEvents = YES;
				INFOPLIST_KEY_UILaunchStoryboardName = LaunchScreen;
				INFOPLIST_KEY_UIMainStoryboardFile = "";
				INFOPLIST_KEY_UISupportedInterfaceOrientations_iPad = "UIInterfaceOrientationPortrait UIInterfaceOrientationPortraitUpsideDown UIInterfaceOrientationLandscapeLeft UIInterfaceOrientationLandscapeRight";
				INFOPLIST_KEY_UISupportedInterfaceOrientations_iPhone = "UIInterfaceOrientationPortrait UIInterfaceOrientationLandscapeLeft UIInterfaceOrientationLandscapeRight";
				LD_RUNPATH_SEARCH_PATHS = (
					"$(inherited)",
					"@executable_path/Frameworks",
				);
				MARKETING_VERSION = 1.0;
				PRODUCT_BUNDLE_IDENTIFIER = "es.enti.elisabethmateu.aa2-notes";
				PRODUCT_NAME = "$(TARGET_NAME)";
				SWIFT_EMIT_LOC_STRINGS = YES;
				SWIFT_VERSION = 5.0;
				TARGETED_DEVICE_FAMILY = "1,2";
			};
			name = Release;
		};
/* End XCBuildConfiguration section */

/* Begin XCConfigurationList section */
		B0CB5F042A17C22600A14CAF /* Build configuration list for PBXProject "aa2_notes" */ = {
			isa = XCConfigurationList;
			buildConfigurations = (
				B0CB5F1B2A17C22700A14CAF /* Debug */,
				B0CB5F1C2A17C22700A14CAF /* Release */,
			);
			defaultConfigurationIsVisible = 0;
			defaultConfigurationName = Release;
		};
		B0CB5F1D2A17C22700A14CAF /* Build configuration list for PBXNativeTarget "aa2_notes" */ = {
			isa = XCConfigurationList;
			buildConfigurations = (
				B0CB5F1E2A17C22700A14CAF /* Debug */,
				B0CB5F1F2A17C22700A14CAF /* Release */,
			);
			defaultConfigurationIsVisible = 0;
			defaultConfigurationName = Release;
		};
/* End XCConfigurationList section */
	};
	rootObject = B0CB5F012A17C22600A14CAF /* Project object */;
}
